PODS:
  - FBSnapshotTestCase (2.1.4):
    - FBSnapshotTestCase/SwiftSupport (= 2.1.4)
  - FBSnapshotTestCase/Core (2.1.4)
  - FBSnapshotTestCase/SwiftSupport (2.1.4):
    - FBSnapshotTestCase/Core
  - WQAudioWaveFormView (0.1.1):
    - WQAudioWaveFormView/BackScroll (= 0.1.1)
    - WQAudioWaveFormView/Wave (= 0.1.1)
  - WQAudioWaveFormView/BackScroll (0.1.1)
  - WQAudioWaveFormView/Wave (0.1.1)

DEPENDENCIES:
  - FBSnapshotTestCase
  - WQAudioWaveFormView (from `../`)

SPEC REPOS:
  trunk:
    - FBSnapshotTestCase

EXTERNAL SOURCES:
  WQAudioWaveFormView:
    :path: "../"

SPEC CHECKSUMS:
  FBSnapshotTestCase: 094f9f314decbabe373b87cc339bea235a63e07a
  WQAudioWaveFormView: 082dcec016c2c5d519c8d17f98d4b1bbe9e163bc

PODFILE CHECKSUM: 6b69126e5f98dedad32d124b80f0c4cac3e23244

COCOAPODS: 1.9.3
